
Microsoft Visual Studio Solution File, Format Version 12.00
# Visual Studio Version 17
VisualStudioVersion = 17.9.34622.214
MinimumVisualStudioVersion = 10.0.40219.1
Project("{FAE04EC0-301F-11D3-BF4B-00C04F79EFBC}") = "new_projectAPI", "new_projectAPI.csproj", "{CEBC4DE6-2EF2-4D7E-BE05-9DCE45A65F25}"
EndProject
Global
	GlobalSection(SolutionConfigurationPlatforms) = preSolution
		Debug|Any CPU = Debug|Any CPU
		Release|Any CPU = Release|Any CPU
	EndGlobalSection
	GlobalSection(ProjectConfigurationPlatforms) = postSolution
		{CEBC4DE6-2EF2-4D7E-BE05-9DCE45A65F25}.Debug|Any CPU.ActiveCfg = Debug|Any CPU
		{CEBC4DE6-2EF2-4D7E-BE05-9DCE45A65F25}.Debug|Any CPU.Build.0 = Debug|Any CPU
		{CEBC4DE6-2EF2-4D7E-BE05-9DCE45A65F25}.Release|Any CPU.ActiveCfg = Release|Any CPU
		{CEBC4DE6-2EF2-4D7E-BE05-9DCE45A65F25}.Release|Any CPU.Build.0 = Release|Any CPU
	EndGlobalSection
	GlobalSection(SolutionProperties) = preSolution
		HideSolutionNode = FALSE
	EndGlobalSection
	GlobalSection(ExtensibilityGlobals) = postSolution
		SolutionGuid = {9F4C5B44-B050-43A6-B3F8-48A5A02B4481}
	EndGlobalSection
EndGlobal
